
Microsoft Visual Studio Solution File, Format Version 12.00
# Visual Studio Version 17
VisualStudioVersion = 17.2.32616.157
MinimumVisualStudioVersion = 10.0.40219.1
Project("{9A19103F-16F7-4668-BE54-9A1E7A4F7556}") = "WorkParser2", "WorkParser2.csproj", "{00E6767C-8355-496B-929C-4232449D9ECB}"
EndProject
Project("{54435603-DBB4-11D2-8724-00A0C9A8B90C}") = "SetupInstaller", "..\SetupInstaller\SetupInstaller.vdproj", "{A927ACB3-95D9-F2BC-05DA-F6ACEDA0432C}"
EndProject
Global
	GlobalSection(SolutionConfigurationPlatforms) = preSolution
		Debug|Any CPU = Debug|Any CPU
		Release|Any CPU = Release|Any CPU
	EndGlobalSection
	GlobalSection(ProjectConfigurationPlatforms) = postSolution
		{00E6767C-8355-496B-929C-4232449D9ECB}.Debug|Any CPU.ActiveCfg = Debug|Any CPU
		{00E6767C-8355-496B-929C-4232449D9ECB}.Debug|Any CPU.Build.0 = Debug|Any CPU
		{00E6767C-8355-496B-929C-4232449D9ECB}.Release|Any CPU.ActiveCfg = Release|Any CPU
		{00E6767C-8355-496B-929C-4232449D9ECB}.Release|Any CPU.Build.0 = Release|Any CPU
		{A927ACB3-95D9-F2BC-05DA-F6ACEDA0432C}.Debug|Any CPU.ActiveCfg = Debug
		{A927ACB3-95D9-F2BC-05DA-F6ACEDA0432C}.Release|Any CPU.ActiveCfg = Release
	EndGlobalSection
	GlobalSection(SolutionProperties) = preSolution
		HideSolutionNode = FALSE
	EndGlobalSection
	GlobalSection(ExtensibilityGlobals) = postSolution
		SolutionGuid = {77F86B71-73FB-431C-A196-A1BE314291AD}
	EndGlobalSection
EndGlobal
